
Microsoft Visual Studio Solution File, Format Version 12.00
# Visual Studio Version 17
VisualStudioVersion = 17.8.34309.116
MinimumVisualStudioVersion = 10.0.40219.1
Project("{FAE04EC0-301F-11D3-BF4B-00C04F79EFBC}") = "StudentAPI", "StudentAPI\StudentAPI.csproj", "{61158BA9-47E9-4B26-AF70-FDA723E3B4DD}"
EndProject
Global
	GlobalSection(SolutionConfigurationPlatforms) = preSolution
		Debug|Any CPU = Debug|Any CPU
		Release|Any CPU = Release|Any CPU
	EndGlobalSection
	GlobalSection(ProjectConfigurationPlatforms) = postSolution
		{61158BA9-47E9-4B26-AF70-FDA723E3B4DD}.Debug|Any CPU.ActiveCfg = Debug|Any CPU
		{61158BA9-47E9-4B26-AF70-FDA723E3B4DD}.Debug|Any CPU.Build.0 = Debug|Any CPU
		{61158BA9-47E9-4B26-AF70-FDA723E3B4DD}.Release|Any CPU.ActiveCfg = Release|Any CPU
		{61158BA9-47E9-4B26-AF70-FDA723E3B4DD}.Release|Any CPU.Build.0 = Release|Any CPU
	EndGlobalSection
	GlobalSection(SolutionProperties) = preSolution
		HideSolutionNode = FALSE
	EndGlobalSection
	GlobalSection(ExtensibilityGlobals) = postSolution
		SolutionGuid = {F8B695FF-4882-4919-8B6D-E4986977918D}
	EndGlobalSection
EndGlobal
